<?xml version="1.0" encoding="utf-8"?>
<Project ToolsVersion="4.0" xmlns="http://schemas.microsoft.com/developer/msbuild/2003">
  <ItemGroup>
    <Filter Include="Source Files">
      <UniqueIdentifier>{4FC737F1-C7A5-4376-A066-2A32D752A2FF}</UniqueIdentifier>
      <Extensions>cpp;c;cc;cxx;c++;cppm;ixx;def;odl;idl;hpj;bat;asm;asmx</Extensions>
    </Filter>
    <Filter Include="Header Files">
      <UniqueIdentifier>{93995380-89BD-4b04-88EB-625FBE52EBFB}</UniqueIdentifier>
      <Extensions>h;hh;hpp;hxx;h++;hm;inl;inc;ipp;xsd</Extensions>
    </Filter>
    <Filter Include="Resource Files">
      <UniqueIdentifier>{67DA6AB6-F800-4c08-8B7A-83BB121AAD01}</UniqueIdentifier>
      <Extensions>rc;ico;cur;bmp;dlg;rc2;rct;bin;rgs;gif;jpg;jpeg;jpe;resx;tiff;tif;png;wav;mfcribbon-ms</Extensions>
    </Filter>
  </ItemGroup>
  <ItemGroup>
    <ClCompile Include="Code\Main.cpp">
      <Filter>Source Files</Filter>
    </ClCompile>
    <ClCompile Include="Code\TextureHolder.cpp">
      <Filter>Source Files</Filter>
    </ClCompile>
    <ClCompile Include="Code\Engine.cpp">
      <Filter>Source Files</Filter>
    </ClCompile>
    <ClCompile Include="Code\Draw.cpp">
      <Filter>Source Files</Filter>
    </ClCompile>
    <ClCompile Include="Code\Update.cpp">
      <Filter>Source Files</Filter>
    </ClCompile>
    <ClCompile Include="Code\SoundManager.cpp">
      <Filter>Source Files</Filter>
    </ClCompile>
    <ClCompile Include="Code\EventManager.cpp">
      <Filter>Source Files</Filter>
    </ClCompile>
    <ClCompile Include="Code\Window.cpp">
      <Filter>Source Files</Filter>
    </ClCompile>
    <ClCompile Include="Code\StateManager.cpp">
      <Filter>Source Files</Filter>
    </ClCompile>
    <ClCompile Include="Code\State_Intro.cpp">
      <Filter>Source Files</Filter>
    </ClCompile>
    <ClCompile Include="Code\State_MainMenu.cpp">
      <Filter>Source Files</Filter>
    </ClCompile>
    <ClCompile Include="Code\State_Game.cpp">
      <Filter>Source Files</Filter>
    </ClCompile>
    <ClCompile Include="Code\State_Paused.cpp">
      <Filter>Source Files</Filter>
    </ClCompile>
    <ClCompile Include="Code\Map.cpp">
      <Filter>Source Files</Filter>
    </ClCompile>
    <ClCompile Include="Code\SpriteSheet.cpp">
      <Filter>Source Files</Filter>
    </ClCompile>
    <ClCompile Include="Code\Anim_Base.cpp">
      <Filter>Source Files</Filter>
    </ClCompile>
    <ClCompile Include="Code\EntityManager.cpp">
      <Filter>Source Files</Filter>
    </ClCompile>
    <ClCompile Include="Code\GUI_Element.cpp">
      <Filter>Source Files</Filter>
    </ClCompile>
    <ClCompile Include="Code\GUI_Interface.cpp">
      <Filter>Source Files</Filter>
    </ClCompile>
    <ClCompile Include="Code\GUI_Manager.cpp">
      <Filter>Source Files</Filter>
    </ClCompile>
    <ClCompile Include="Code\GUI_Label.cpp">
      <Filter>Source Files</Filter>
    </ClCompile>
    <ClCompile Include="Code\GUI_Scrollbar.cpp">
      <Filter>Source Files</Filter>
    </ClCompile>
    <ClCompile Include="Code\GUI_Textfield.cpp">
      <Filter>Source Files</Filter>
    </ClCompile>
    <ClCompile Include="Code\Anim_Directional.cpp">
      <Filter>Source Files</Filter>
    </ClCompile>
    <ClCompile Include="Code\Background.cpp">
      <Filter>Source Files</Filter>
    </ClCompile>
    <ClCompile Include="Code\Character.cpp">
      <Filter>Source Files</Filter>
    </ClCompile>
    <ClCompile Include="Code\EntityBase.cpp">
      <Filter>Source Files</Filter>
    </ClCompile>
    <ClCompile Include="Code\Player.cpp">
      <Filter>Source Files</Filter>
    </ClCompile>
    <ClCompile Include="Code\Enemy.cpp">
      <Filter>Source Files</Filter>
    </ClCompile>
    <ClCompile Include="Code\EnemyCharacter.cpp">
      <Filter>Source Files</Filter>
    </ClCompile>
  </ItemGroup>
  <ItemGroup>
    <ClInclude Include="Code\TextureHolder.h">
      <Filter>Header Files</Filter>
    </ClInclude>
    <ClInclude Include="Code\Engine.h">
      <Filter>Header Files</Filter>
    </ClInclude>
    <ClInclude Include="Code\SoundManager.h">
      <Filter>Header Files</Filter>
    </ClInclude>
    <ClInclude Include="Code\BaseState.h">
      <Filter>Header Files</Filter>
    </ClInclude>
    <ClInclude Include="Code\StateManager.h">
      <Filter>Header Files</Filter>
    </ClInclude>
    <ClInclude Include="Code\Window.h">
      <Filter>Header Files</Filter>
    </ClInclude>
    <ClInclude Include="Code\EventManager.h">
      <Filter>Header Files</Filter>
    </ClInclude>
    <ClInclude Include="Code\State_Intro.h">
      <Filter>Header Files</Filter>
    </ClInclude>
    <ClInclude Include="Code\State_MainMenu.h">
      <Filter>Header Files</Filter>
    </ClInclude>
    <ClInclude Include="Code\State_Game.h">
      <Filter>Header Files</Filter>
    </ClInclude>
    <ClInclude Include="Code\State_Paused.h">
      <Filter>Header Files</Filter>
    </ClInclude>
    <ClInclude Include="Code\State_GameOver.h">
      <Filter>Header Files</Filter>
    </ClInclude>
    <ClInclude Include="Code\State_Credits.h">
      <Filter>Header Files</Filter>
    </ClInclude>
    <ClInclude Include="Code\SharedContext.h">
      <Filter>Header Files</Filter>
    </ClInclude>
    <ClInclude Include="Code\Utilities.h">
      <Filter>Header Files</Filter>
    </ClInclude>
    <ClInclude Include="Code\Map.h">
      <Filter>Header Files</Filter>
    </ClInclude>
    <ClInclude Include="Code\ResourceManager.h">
      <Filter>Header Files</Filter>
    </ClInclude>
    <ClInclude Include="Code\TextureManager.h">
      <Filter>Header Files</Filter>
    </ClInclude>
    <ClInclude Include="Code\SpriteSheet.h">
      <Filter>Header Files</Filter>
    </ClInclude>
    <ClInclude Include="Code\Anim_Base.h">
      <Filter>Header Files</Filter>
    </ClInclude>
    <ClInclude Include="Code\EntityManager.h">
      <Filter>Header Files</Filter>
    </ClInclude>
    <ClInclude Include="Code\DebugOverlay.h">
      <Filter>Header Files</Filter>
    </ClInclude>
    <ClInclude Include="Code\AudioManager.h">
      <Filter>Header Files</Filter>
    </ClInclude>
    <ClInclude Include="Code\EntityMessage.h">
      <Filter>Header Files</Filter>
    </ClInclude>
    <ClInclude Include="Code\Directions.h">
      <Filter>Header Files</Filter>
    </ClInclude>
    <ClInclude Include="Code\GUI_Style.h">
      <Filter>Header Files</Filter>
    </ClInclude>
    <ClInclude Include="Code\FontManager.h">
      <Filter>Header Files</Filter>
    </ClInclude>
    <ClInclude Include="Code\GUI_Element.h">
      <Filter>Header Files</Filter>
    </ClInclude>
    <ClInclude Include="Code\GUI_Interface.h">
      <Filter>Header Files</Filter>
    </ClInclude>
    <ClInclude Include="Code\GUI_Event.h">
      <Filter>Header Files</Filter>
    </ClInclude>
    <ClInclude Include="Code\GUI_Manager.h">
      <Filter>Header Files</Filter>
    </ClInclude>
    <ClInclude Include="Code\GUI_Label.h">
      <Filter>Header Files</Filter>
    </ClInclude>
    <ClInclude Include="Code\GUI_Scrollbar.h">
      <Filter>Header Files</Filter>
    </ClInclude>
    <ClInclude Include="Code\GUI_Textfield.h">
      <Filter>Header Files</Filter>
    </ClInclude>
    <ClInclude Include="Code\Anim_Directional.h">
      <Filter>Header Files</Filter>
    </ClInclude>
    <ClInclude Include="Code\Background.h">
      <Filter>Header Files</Filter>
    </ClInclude>
    <ClInclude Include="Code\Character.h">
      <Filter>Header Files</Filter>
    </ClInclude>
    <ClInclude Include="Code\EntityBase.h">
      <Filter>Header Files</Filter>
    </ClInclude>
    <ClInclude Include="Code\Player.h">
      <Filter>Header Files</Filter>
    </ClInclude>
    <ClInclude Include="Code\Enemy.h">
      <Filter>Header Files</Filter>
    </ClInclude>
    <ClInclude Include="Code\EnemyCharacter.h">
      <Filter>Header Files</Filter>
    </ClInclude>
  </ItemGroup>
  <ItemGroup>
    <None Include="Code\Maps\map1.map">
      <Filter>Source Files</Filter>
    </None>
    <None Include="Code\Resources\tiles.cfg.txt">
      <Filter>Source Files</Filter>
    </None>
    <None Include="Code\Resources\keys.cfg">
      <Filter>Source Files</Filter>
    </None>
    <None Include="Code\Resources\Textures.cfg.txt">
      <Filter>Source Files</Filter>
    </None>
    <None Include="Code\Resources\Media\Spritesheets\Player.sheet">
      <Filter>Source Files</Filter>
    </None>
    <None Include="Code\Resources\audio.cfg">
      <Filter>Source Files</Filter>
    </None>
    <None Include="Code\Resources\fonts.cfg">
      <Filter>Source Files</Filter>
    </None>
    <None Include="Code\Resources\Media\GUI_Interfaces\MainMenu1440.interface">
      <Filter>Source Files</Filter>
    </None>
    <None Include="Code\Resources\Media\GUI_Styles\MainMenu1440.style">
      <Filter>Source Files</Filter>
    </None>
    <None Include="Code\Resources\Media\GUI_Styles\MainMenuLabel.style">
      <Filter>Source Files</Filter>
    </None>
    <None Include="Code\Resources\Media\GUI_Styles\MainMenuTitle.style">
      <Filter>Source Files</Filter>
    </None>
    <None Include="Code\Resources\Media\Entities\Player.char">
      <Filter>Source Files</Filter>
    </None>
    <None Include="Code\Maps\map2.map">
      <Filter>Source Files</Filter>
    </None>
    <None Include="Code\Maps\map3.map">
      <Filter>Source Files</Filter>
    </None>
    <None Include="Code\Maps\map4.map">
      <Filter>Source Files</Filter>
    </None>
    <None Include="Code\Maps\map5.map">
      <Filter>Source Files</Filter>
    </None>
    <None Include="Code\Resources\Media\Entities\EnemyList.list">
      <Filter>Source Files</Filter>
    </None>
    <None Include="Code\Resources\Media\Entities\Cyborg.char">
      <Filter>Source Files</Filter>
    </None>
    <None Include="Code\Resources\Media\Spritesheets\Cyborg.sheet">
      <Filter>Source Files</Filter>
    </None>
    <None Include="Code\Resources\Media\Entities\Coin.char">
      <Filter>Source Files</Filter>
    </None>
    <None Include="Code\Resources\Media\Spritesheets\Coin.sheet">
      <Filter>Source Files</Filter>
    </None>
    <None Include="Code\Resources\Media\GUI_Interfaces\MainMenu1080.interface">
      <Filter>Source Files</Filter>
    </None>
    <None Include="Code\Resources\Media\GUI_Interfaces\MainMenu1050.interface">
      <Filter>Source Files</Filter>
    </None>
    <None Include="Code\Resources\Media\GUI_Styles\MainMenu1080.style">
      <Filter>Source Files</Filter>
    </None>
    <None Include="Code\Resources\Media\GUI_Styles\MainMenu1050.style">
      <Filter>Source Files</Filter>
    </None>
    <None Include="Code\Resources\Media\Spritesheets\Crab.sheet">
      <Filter>Source Files</Filter>
    </None>
    <None Include="Code\Resources\Media\Entities\Crab.char">
      <Filter>Source Files</Filter>
    </None>
    <None Include="Code\Resources\Media\Entities\Alien.char">
      <Filter>Source Files</Filter>
    </None>
    <None Include="Code\Resources\Media\Spritesheets\Alien.sheet">
      <Filter>Source Files</Filter>
    </None>
    <None Include="Code\Resources\Media\Spritesheets\Witch.sheet">
      <Filter>Source Files</Filter>
    </None>
    <None Include="Code\Resources\Media\Entities\Witch.char">
      <Filter>Source Files</Filter>
    </None>
  </ItemGroup>
  <ItemGroup>
    <Text Include="Code\Resources\background.cfg.txt">
      <Filter>Source Files</Filter>
    </Text>
  </ItemGroup>
</Project>