<?xml version="1.0" encoding="utf-8"?>
<Project ToolsVersion="4.0" xmlns="http://schemas.microsoft.com/developer/msbuild/2003">
  <ItemGroup>
    <Filter Include="Source Files">
      <UniqueIdentifier>{4FC737F1-C7A5-4376-A066-2A32D752A2FF}</UniqueIdentifier>
      <Extensions>cpp;c;cc;cxx;c++;cppm;ixx;def;odl;idl;hpj;bat;asm;asmx</Extensions>
    </Filter>
    <Filter Include="Header Files">
      <UniqueIdentifier>{93995380-89BD-4b04-88EB-625FBE52EBFB}</UniqueIdentifier>
      <Extensions>h;hh;hpp;hxx;h++;hm;inl;inc;ipp;xsd</Extensions>
    </Filter>
    <Filter Include="Resource Files">
      <UniqueIdentifier>{67DA6AB6-F800-4c08-8B7A-83BB121AAD01}</UniqueIdentifier>
      <Extensions>rc;ico;cur;bmp;dlg;rc2;rct;bin;rgs;gif;jpg;jpeg;jpe;resx;tiff;tif;png;wav;mfcribbon-ms</Extensions>
    </Filter>
  </ItemGroup>
  <ItemGroup>
    <ClCompile Include="Code\Main.cpp">
      <Filter>Source Files</Filter>
    </ClCompile>
    <ClCompile Include="Code\Player.cpp">
      <Filter>Source Files</Filter>
    </ClCompile>
    <ClCompile Include="Code\Background.cpp">
      <Filter>Source Files</Filter>
    </ClCompile>
    <ClCompile Include="Code\TextureHolder.cpp">
      <Filter>Source Files</Filter>
    </ClCompile>
    <ClCompile Include="Code\Enemy.cpp">
      <Filter>Source Files</Filter>
    </ClCompile>
    <ClCompile Include="Code\Engine.cpp">
      <Filter>Source Files</Filter>
    </ClCompile>
    <ClCompile Include="Code\Draw.cpp">
      <Filter>Source Files</Filter>
    </ClCompile>
    <ClCompile Include="Code\Update.cpp">
      <Filter>Source Files</Filter>
    </ClCompile>
    <ClCompile Include="Code\SoundManager.cpp">
      <Filter>Source Files</Filter>
    </ClCompile>
    <ClCompile Include="Code\SmallEnemy.cpp">
      <Filter>Source Files</Filter>
    </ClCompile>
    <ClCompile Include="Code\MediumEnemy.cpp">
      <Filter>Source Files</Filter>
    </ClCompile>
    <ClCompile Include="Code\LargeEnemy.cpp">
      <Filter>Source Files</Filter>
    </ClCompile>
    <ClCompile Include="Code\Obstacle.cpp">
      <Filter>Source Files</Filter>
    </ClCompile>
    <ClCompile Include="Code\Collision.cpp">
      <Filter>Source Files</Filter>
    </ClCompile>
    <ClCompile Include="Code\FloatingObstacle.cpp">
      <Filter>Source Files</Filter>
    </ClCompile>
    <ClCompile Include="Code\GroundObstacle.cpp">
      <Filter>Source Files</Filter>
    </ClCompile>
    <ClCompile Include="Code\EventManager.cpp">
      <Filter>Source Files</Filter>
    </ClCompile>
    <ClCompile Include="Code\Window.cpp">
      <Filter>Source Files</Filter>
    </ClCompile>
    <ClCompile Include="Code\StateManager.cpp">
      <Filter>Source Files</Filter>
    </ClCompile>
    <ClCompile Include="Code\State_Intro.cpp">
      <Filter>Source Files</Filter>
    </ClCompile>
    <ClCompile Include="Code\State_MainMenu.cpp">
      <Filter>Source Files</Filter>
    </ClCompile>
    <ClCompile Include="Code\State_Game.cpp">
      <Filter>Source Files</Filter>
    </ClCompile>
    <ClCompile Include="Code\State_Paused.cpp">
      <Filter>Source Files</Filter>
    </ClCompile>
    <ClCompile Include="Code\Floor.cpp">
      <Filter>Source Files</Filter>
    </ClCompile>
<<<<<<< Updated upstream
    <ClCompile Include="code\Map.cpp">
=======
    <ClCompile Include="Code\Generator.cpp">
>>>>>>> Stashed changes
      <Filter>Source Files</Filter>
    </ClCompile>
  </ItemGroup>
  <ItemGroup>
    <ClInclude Include="Code\Player.h">
      <Filter>Header Files</Filter>
    </ClInclude>
    <ClInclude Include="Code\Background.h">
      <Filter>Header Files</Filter>
    </ClInclude>
    <ClInclude Include="Code\TextureHolder.h">
      <Filter>Header Files</Filter>
    </ClInclude>
    <ClInclude Include="Code\Enemy.h">
      <Filter>Header Files</Filter>
    </ClInclude>
    <ClInclude Include="Code\Engine.h">
      <Filter>Header Files</Filter>
    </ClInclude>
    <ClInclude Include="Code\SoundManager.h">
      <Filter>Header Files</Filter>
    </ClInclude>
    <ClInclude Include="Code\SmallEnemy.h">
      <Filter>Header Files</Filter>
    </ClInclude>
    <ClInclude Include="Code\LargeEnemy.h">
      <Filter>Header Files</Filter>
    </ClInclude>
    <ClInclude Include="Code\MediumEnemy.h">
      <Filter>Header Files</Filter>
    </ClInclude>
    <ClInclude Include="Code\Collision.h">
      <Filter>Header Files</Filter>
    </ClInclude>
    <ClInclude Include="Code\Obstacle.h">
      <Filter>Header Files</Filter>
    </ClInclude>
    <ClInclude Include="Code\FloatingObstacle.h">
      <Filter>Header Files</Filter>
    </ClInclude>
    <ClInclude Include="Code\GroundObstacle.h">
      <Filter>Header Files</Filter>
    </ClInclude>
    <ClInclude Include="Code\BaseState.h">
      <Filter>Header Files</Filter>
    </ClInclude>
    <ClInclude Include="Code\StateManager.h">
      <Filter>Header Files</Filter>
    </ClInclude>
    <ClInclude Include="Code\Window.h">
      <Filter>Header Files</Filter>
    </ClInclude>
    <ClInclude Include="Code\EventManager.h">
      <Filter>Header Files</Filter>
    </ClInclude>
    <ClInclude Include="Code\State_Intro.h">
      <Filter>Header Files</Filter>
    </ClInclude>
    <ClInclude Include="Code\State_MainMenu.h">
      <Filter>Header Files</Filter>
    </ClInclude>
    <ClInclude Include="Code\State_Game.h">
      <Filter>Header Files</Filter>
    </ClInclude>
    <ClInclude Include="Code\State_Paused.h">
      <Filter>Header Files</Filter>
    </ClInclude>
    <ClInclude Include="Code\State_GameOver.h">
      <Filter>Header Files</Filter>
    </ClInclude>
    <ClInclude Include="Code\State_Credits.h">
      <Filter>Header Files</Filter>
    </ClInclude>
    <ClInclude Include="Code\SharedContext.h">
      <Filter>Header Files</Filter>
    </ClInclude>
    <ClInclude Include="Code\Utilities.h">
      <Filter>Header Files</Filter>
    </ClInclude>
    <ClInclude Include="Code\Floor.h">
      <Filter>Header Files</Filter>
    </ClInclude>
<<<<<<< Updated upstream
    <ClInclude Include="code\Map.h">
=======
    <ClInclude Include="Code\AudioManager.h">
      <Filter>Header Files</Filter>
    </ClInclude>
    <ClInclude Include="Code\ResourceManager.h">
      <Filter>Header Files</Filter>
    </ClInclude>
    <ClInclude Include="Code\Generator.h">
      <Filter>Header Files</Filter>
    </ClInclude>
    <ClInclude Include="Code\TextureManager.h">
>>>>>>> Stashed changes
      <Filter>Header Files</Filter>
    </ClInclude>
  </ItemGroup>
  <ItemGroup>
    <None Include="Code\keys.cfg">
      <Filter>Source Files</Filter>
    </None>
    <None Include="Code\Textures.cfg">
      <Filter>Source Files</Filter>
    </None>
  </ItemGroup>
</Project>